
Microsoft Visual Studio Solution File, Format Version 12.00
Project("{FAE04EC0-301F-11D3-BF4B-00C04F79EFBC}") = "CatchUpPlatform.API", "CatchUpPlatform.API\CatchUpPlatform.API.csproj", "{FFDDC6D8-3EC6-4170-9E11-114DC8087AED}"
EndProject
Global
	GlobalSection(SolutionConfigurationPlatforms) = preSolution
		Debug|Any CPU = Debug|Any CPU
		Release|Any CPU = Release|Any CPU
	EndGlobalSection
	GlobalSection(ProjectConfigurationPlatforms) = postSolution
		{FFDDC6D8-3EC6-4170-9E11-114DC8087AED}.Debug|Any CPU.ActiveCfg = Debug|Any CPU
		{FFDDC6D8-3EC6-4170-9E11-114DC8087AED}.Debug|Any CPU.Build.0 = Debug|Any CPU
		{FFDDC6D8-3EC6-4170-9E11-114DC8087AED}.Release|Any CPU.ActiveCfg = Release|Any CPU
		{FFDDC6D8-3EC6-4170-9E11-114DC8087AED}.Release|Any CPU.Build.0 = Release|Any CPU
	EndGlobalSection
EndGlobal
